
Microsoft Visual Studio Solution File, Format Version 12.00
# Visual Studio 14
VisualStudioVersion = 14.0.25420.1
MinimumVisualStudioVersion = 10.0.40219.1
Project("{FAE04EC0-301F-11D3-BF4B-00C04F79EFBC}") = "TestingBudgetList.Droid", "TestingBudgetList\TestingBudgetList.Droid\TestingBudgetList.Droid.csproj", "{A1E92A2F-95D7-49B5-B0DC-34D06690D2F1}"
EndProject
Project("{FAE04EC0-301F-11D3-BF4B-00C04F79EFBC}") = "TestingBudgetList.iOS", "TestingBudgetList\TestingBudgetList.iOS\TestingBudgetList.iOS.csproj", "{599A7654-FBE8-4BDC-85F2-06B1943BEF1A}"
EndProject
Project("{FAE04EC0-301F-11D3-BF4B-00C04F79EFBC}") = "TestingBudgetList.UWP", "TestingBudgetList\TestingBudgetList.UWP\TestingBudgetList.UWP.csproj", "{50662C15-0687-4270-A111-9428CCD9C918}"
EndProject
Project("{FAE04EC0-301F-11D3-BF4B-00C04F79EFBC}") = "TestingBudgetList", "TestingBudgetList\TestingBudgetList\TestingBudgetList.csproj", "{D48ABDE2-C0AC-43C7-A9A1-653D1E5FC4D8}"
EndProject
Project("{FAE04EC0-301F-11D3-BF4B-00C04F79EFBC}") = "BudgetListTests", "BudgetListTests\BudgetListTests.csproj", "{8D47B5D5-5FD4-47BC-8A21-1A7477DF5AA6}"
EndProject
Global
	GlobalSection(SolutionConfigurationPlatforms) = preSolution
		Ad-Hoc|Any CPU = Ad-Hoc|Any CPU
		Ad-Hoc|ARM = Ad-Hoc|ARM
		Ad-Hoc|iPhone = Ad-Hoc|iPhone
		Ad-Hoc|iPhoneSimulator = Ad-Hoc|iPhoneSimulator
		Ad-Hoc|x64 = Ad-Hoc|x64
		Ad-Hoc|x86 = Ad-Hoc|x86
		AppStore|Any CPU = AppStore|Any CPU
		AppStore|ARM = AppStore|ARM
		AppStore|iPhone = AppStore|iPhone
		AppStore|iPhoneSimulator = AppStore|iPhoneSimulator
		AppStore|x64 = AppStore|x64
		AppStore|x86 = AppStore|x86
		Debug|Any CPU = Debug|Any CPU
		Debug|ARM = Debug|ARM
		Debug|iPhone = Debug|iPhone
		Debug|iPhoneSimulator = Debug|iPhoneSimulator
		Debug|x64 = Debug|x64
		Debug|x86 = Debug|x86
		Release|Any CPU = Release|Any CPU
		Release|ARM = Release|ARM
		Release|iPhone = Release|iPhone
		Release|iPhoneSimulator = Release|iPhoneSimulator
		Release|x64 = Release|x64
		Release|x86 = Release|x86
	EndGlobalSection
	GlobalSection(ProjectConfigurationPlatforms) = postSolution
		{A1E92A2F-95D7-49B5-B0DC-34D06690D2F1}.Ad-Hoc|Any CPU.ActiveCfg = Release|Any CPU
		{A1E92A2F-95D7-49B5-B0DC-34D06690D2F1}.Ad-Hoc|Any CPU.Build.0 = Release|Any CPU
		{A1E92A2F-95D7-49B5-B0DC-34D06690D2F1}.Ad-Hoc|Any CPU.Deploy.0 = Release|Any CPU
		{A1E92A2F-95D7-49B5-B0DC-34D06690D2F1}.Ad-Hoc|ARM.ActiveCfg = Release|Any CPU
		{A1E92A2F-95D7-49B5-B0DC-34D06690D2F1}.Ad-Hoc|ARM.Build.0 = Release|Any CPU
		{A1E92A2F-95D7-49B5-B0DC-34D06690D2F1}.Ad-Hoc|ARM.Deploy.0 = Release|Any CPU
		{A1E92A2F-95D7-49B5-B0DC-34D06690D2F1}.Ad-Hoc|iPhone.ActiveCfg = Release|Any CPU
		{A1E92A2F-95D7-49B5-B0DC-34D06690D2F1}.Ad-Hoc|iPhone.Build.0 = Release|Any CPU
		{A1E92A2F-95D7-49B5-B0DC-34D06690D2F1}.Ad-Hoc|iPhone.Deploy.0 = Release|Any CPU
		{A1E92A2F-95D7-49B5-B0DC-34D06690D2F1}.Ad-Hoc|iPhoneSimulator.ActiveCfg = Release|Any CPU
		{A1E92A2F-95D7-49B5-B0DC-34D06690D2F1}.Ad-Hoc|iPhoneSimulator.Build.0 = Release|Any CPU
		{A1E92A2F-95D7-49B5-B0DC-34D06690D2F1}.Ad-Hoc|iPhoneSimulator.Deploy.0 = Release|Any CPU
		{A1E92A2F-95D7-49B5-B0DC-34D06690D2F1}.Ad-Hoc|x64.ActiveCfg = Release|Any CPU
		{A1E92A2F-95D7-49B5-B0DC-34D06690D2F1}.Ad-Hoc|x64.Build.0 = Release|Any CPU
		{A1E92A2F-95D7-49B5-B0DC-34D06690D2F1}.Ad-Hoc|x64.Deploy.0 = Release|Any CPU
		{A1E92A2F-95D7-49B5-B0DC-34D06690D2F1}.Ad-Hoc|x86.ActiveCfg = Release|Any CPU
		{A1E92A2F-95D7-49B5-B0DC-34D06690D2F1}.Ad-Hoc|x86.Build.0 = Release|Any CPU
		{A1E92A2F-95D7-49B5-B0DC-34D06690D2F1}.Ad-Hoc|x86.Deploy.0 = Release|Any CPU
		{A1E92A2F-95D7-49B5-B0DC-34D06690D2F1}.AppStore|Any CPU.ActiveCfg = Release|Any CPU
		{A1E92A2F-95D7-49B5-B0DC-34D06690D2F1}.AppStore|Any CPU.Build.0 = Release|Any CPU
		{A1E92A2F-95D7-49B5-B0DC-34D06690D2F1}.AppStore|Any CPU.Deploy.0 = Release|Any CPU
		{A1E92A2F-95D7-49B5-B0DC-34D06690D2F1}.AppStore|ARM.ActiveCfg = Release|Any CPU
		{A1E92A2F-95D7-49B5-B0DC-34D06690D2F1}.AppStore|ARM.Build.0 = Release|Any CPU
		{A1E92A2F-95D7-49B5-B0DC-34D06690D2F1}.AppStore|ARM.Deploy.0 = Release|Any CPU
		{A1E92A2F-95D7-49B5-B0DC-34D06690D2F1}.AppStore|iPhone.ActiveCfg = Release|Any CPU
		{A1E92A2F-95D7-49B5-B0DC-34D06690D2F1}.AppStore|iPhone.Build.0 = Release|Any CPU
		{A1E92A2F-95D7-49B5-B0DC-34D06690D2F1}.AppStore|iPhone.Deploy.0 = Release|Any CPU
		{A1E92A2F-95D7-49B5-B0DC-34D06690D2F1}.AppStore|iPhoneSimulator.ActiveCfg = Release|Any CPU
		{A1E92A2F-95D7-49B5-B0DC-34D06690D2F1}.AppStore|iPhoneSimulator.Build.0 = Release|Any CPU
		{A1E92A2F-95D7-49B5-B0DC-34D06690D2F1}.AppStore|iPhoneSimulator.Deploy.0 = Release|Any CPU
		{A1E92A2F-95D7-49B5-B0DC-34D06690D2F1}.AppStore|x64.ActiveCfg = Release|Any CPU
		{A1E92A2F-95D7-49B5-B0DC-34D06690D2F1}.AppStore|x64.Build.0 = Release|Any CPU
		{A1E92A2F-95D7-49B5-B0DC-34D06690D2F1}.AppStore|x64.Deploy.0 = Release|Any CPU
		{A1E92A2F-95D7-49B5-B0DC-34D06690D2F1}.AppStore|x86.ActiveCfg = Release|Any CPU
		{A1E92A2F-95D7-49B5-B0DC-34D06690D2F1}.AppStore|x86.Build.0 = Release|Any CPU
		{A1E92A2F-95D7-49B5-B0DC-34D06690D2F1}.AppStore|x86.Deploy.0 = Release|Any CPU
		{A1E92A2F-95D7-49B5-B0DC-34D06690D2F1}.Debug|Any CPU.ActiveCfg = Debug|Any CPU
		{A1E92A2F-95D7-49B5-B0DC-34D06690D2F1}.Debug|Any CPU.Build.0 = Debug|Any CPU
		{A1E92A2F-95D7-49B5-B0DC-34D06690D2F1}.Debug|Any CPU.Deploy.0 = Debug|Any CPU
		{A1E92A2F-95D7-49B5-B0DC-34D06690D2F1}.Debug|ARM.ActiveCfg = Debug|Any CPU
		{A1E92A2F-95D7-49B5-B0DC-34D06690D2F1}.Debug|ARM.Build.0 = Debug|Any CPU
		{A1E92A2F-95D7-49B5-B0DC-34D06690D2F1}.Debug|ARM.Deploy.0 = Debug|Any CPU
		{A1E92A2F-95D7-49B5-B0DC-34D06690D2F1}.Debug|iPhone.ActiveCfg = Debug|Any CPU
		{A1E92A2F-95D7-49B5-B0DC-34D06690D2F1}.Debug|iPhone.Build.0 = Debug|Any CPU
		{A1E92A2F-95D7-49B5-B0DC-34D06690D2F1}.Debug|iPhone.Deploy.0 = Debug|Any CPU
		{A1E92A2F-95D7-49B5-B0DC-34D06690D2F1}.Debug|iPhoneSimulator.ActiveCfg = Debug|Any CPU
		{A1E92A2F-95D7-49B5-B0DC-34D06690D2F1}.Debug|iPhoneSimulator.Build.0 = Debug|Any CPU
		{A1E92A2F-95D7-49B5-B0DC-34D06690D2F1}.Debug|iPhoneSimulator.Deploy.0 = Debug|Any CPU
		{A1E92A2F-95D7-49B5-B0DC-34D06690D2F1}.Debug|x64.ActiveCfg = Debug|Any CPU
		{A1E92A2F-95D7-49B5-B0DC-34D06690D2F1}.Debug|x64.Build.0 = Debug|Any CPU
		{A1E92A2F-95D7-49B5-B0DC-34D06690D2F1}.Debug|x64.Deploy.0 = Debug|Any CPU
		{A1E92A2F-95D7-49B5-B0DC-34D06690D2F1}.Debug|x86.ActiveCfg = Debug|Any CPU
		{A1E92A2F-95D7-49B5-B0DC-34D06690D2F1}.Debug|x86.Build.0 = Debug|Any CPU
		{A1E92A2F-95D7-49B5-B0DC-34D06690D2F1}.Debug|x86.Deploy.0 = Debug|Any CPU
		{A1E92A2F-95D7-49B5-B0DC-34D06690D2F1}.Release|Any CPU.ActiveCfg = Release|Any CPU
		{A1E92A2F-95D7-49B5-B0DC-34D06690D2F1}.Release|Any CPU.Build.0 = Release|Any CPU
		{A1E92A2F-95D7-49B5-B0DC-34D06690D2F1}.Release|Any CPU.Deploy.0 = Release|Any CPU
		{A1E92A2F-95D7-49B5-B0DC-34D06690D2F1}.Release|ARM.ActiveCfg = Release|Any CPU
		{A1E92A2F-95D7-49B5-B0DC-34D06690D2F1}.Release|ARM.Build.0 = Release|Any CPU
		{A1E92A2F-95D7-49B5-B0DC-34D06690D2F1}.Release|ARM.Deploy.0 = Release|Any CPU
		{A1E92A2F-95D7-49B5-B0DC-34D06690D2F1}.Release|iPhone.ActiveCfg = Release|Any CPU
		{A1E92A2F-95D7-49B5-B0DC-34D06690D2F1}.Release|iPhone.Build.0 = Release|Any CPU
		{A1E92A2F-95D7-49B5-B0DC-34D06690D2F1}.Release|iPhone.Deploy.0 = Release|Any CPU
		{A1E92A2F-95D7-49B5-B0DC-34D06690D2F1}.Release|iPhoneSimulator.ActiveCfg = Release|Any CPU
		{A1E92A2F-95D7-49B5-B0DC-34D06690D2F1}.Release|iPhoneSimulator.Build.0 = Release|Any CPU
		{A1E92A2F-95D7-49B5-B0DC-34D06690D2F1}.Release|iPhoneSimulator.Deploy.0 = Release|Any CPU
		{A1E92A2F-95D7-49B5-B0DC-34D06690D2F1}.Release|x64.ActiveCfg = Release|Any CPU
		{A1E92A2F-95D7-49B5-B0DC-34D06690D2F1}.Release|x64.Build.0 = Release|Any CPU
		{A1E92A2F-95D7-49B5-B0DC-34D06690D2F1}.Release|x64.Deploy.0 = Release|Any CPU
		{A1E92A2F-95D7-49B5-B0DC-34D06690D2F1}.Release|x86.ActiveCfg = Release|Any CPU
		{A1E92A2F-95D7-49B5-B0DC-34D06690D2F1}.Release|x86.Build.0 = Release|Any CPU
		{A1E92A2F-95D7-49B5-B0DC-34D06690D2F1}.Release|x86.Deploy.0 = Release|Any CPU
		{599A7654-FBE8-4BDC-85F2-06B1943BEF1A}.Ad-Hoc|Any CPU.ActiveCfg = Ad-Hoc|iPhone
		{599A7654-FBE8-4BDC-85F2-06B1943BEF1A}.Ad-Hoc|ARM.ActiveCfg = Ad-Hoc|iPhone
		{599A7654-FBE8-4BDC-85F2-06B1943BEF1A}.Ad-Hoc|iPhone.ActiveCfg = Ad-Hoc|iPhone
		{599A7654-FBE8-4BDC-85F2-06B1943BEF1A}.Ad-Hoc|iPhone.Build.0 = Ad-Hoc|iPhone
		{599A7654-FBE8-4BDC-85F2-06B1943BEF1A}.Ad-Hoc|iPhoneSimulator.ActiveCfg = Ad-Hoc|iPhoneSimulator
		{599A7654-FBE8-4BDC-85F2-06B1943BEF1A}.Ad-Hoc|iPhoneSimulator.Build.0 = Ad-Hoc|iPhoneSimulator
		{599A7654-FBE8-4BDC-85F2-06B1943BEF1A}.Ad-Hoc|x64.ActiveCfg = Ad-Hoc|iPhone
		{599A7654-FBE8-4BDC-85F2-06B1943BEF1A}.Ad-Hoc|x86.ActiveCfg = Ad-Hoc|iPhone
		{599A7654-FBE8-4BDC-85F2-06B1943BEF1A}.AppStore|Any CPU.ActiveCfg = AppStore|iPhone
		{599A7654-FBE8-4BDC-85F2-06B1943BEF1A}.AppStore|ARM.ActiveCfg = AppStore|iPhone
		{599A7654-FBE8-4BDC-85F2-06B1943BEF1A}.AppStore|iPhone.ActiveCfg = AppStore|iPhone
		{599A7654-FBE8-4BDC-85F2-06B1943BEF1A}.AppStore|iPhone.Build.0 = AppStore|iPhone
		{599A7654-FBE8-4BDC-85F2-06B1943BEF1A}.AppStore|iPhoneSimulator.ActiveCfg = AppStore|iPhoneSimulator
		{599A7654-FBE8-4BDC-85F2-06B1943BEF1A}.AppStore|iPhoneSimulator.Build.0 = AppStore|iPhoneSimulator
		{599A7654-FBE8-4BDC-85F2-06B1943BEF1A}.AppStore|x64.ActiveCfg = AppStore|iPhone
		{599A7654-FBE8-4BDC-85F2-06B1943BEF1A}.AppStore|x86.ActiveCfg = AppStore|iPhone
		{599A7654-FBE8-4BDC-85F2-06B1943BEF1A}.Debug|Any CPU.ActiveCfg = Debug|iPhone
		{599A7654-FBE8-4BDC-85F2-06B1943BEF1A}.Debug|ARM.ActiveCfg = Debug|iPhone
		{599A7654-FBE8-4BDC-85F2-06B1943BEF1A}.Debug|iPhone.ActiveCfg = Debug|iPhone
		{599A7654-FBE8-4BDC-85F2-06B1943BEF1A}.Debug|iPhone.Build.0 = Debug|iPhone
		{599A7654-FBE8-4BDC-85F2-06B1943BEF1A}.Debug|iPhoneSimulator.ActiveCfg = Debug|iPhoneSimulator
		{599A7654-FBE8-4BDC-85F2-06B1943BEF1A}.Debug|iPhoneSimulator.Build.0 = Debug|iPhoneSimulator
		{599A7654-FBE8-4BDC-85F2-06B1943BEF1A}.Debug|x64.ActiveCfg = Debug|iPhone
		{599A7654-FBE8-4BDC-85F2-06B1943BEF1A}.Debug|x86.ActiveCfg = Debug|iPhone
		{599A7654-FBE8-4BDC-85F2-06B1943BEF1A}.Release|Any CPU.ActiveCfg = Release|iPhone
		{599A7654-FBE8-4BDC-85F2-06B1943BEF1A}.Release|ARM.ActiveCfg = Release|iPhone
		{599A7654-FBE8-4BDC-85F2-06B1943BEF1A}.Release|iPhone.ActiveCfg = Release|iPhone
		{599A7654-FBE8-4BDC-85F2-06B1943BEF1A}.Release|iPhone.Build.0 = Release|iPhone
		{599A7654-FBE8-4BDC-85F2-06B1943BEF1A}.Release|iPhoneSimulator.ActiveCfg = Release|iPhoneSimulator
		{599A7654-FBE8-4BDC-85F2-06B1943BEF1A}.Release|iPhoneSimulator.Build.0 = Release|iPhoneSimulator
		{599A7654-FBE8-4BDC-85F2-06B1943BEF1A}.Release|x64.ActiveCfg = Release|iPhone
		{599A7654-FBE8-4BDC-85F2-06B1943BEF1A}.Release|x86.ActiveCfg = Release|iPhone
		{50662C15-0687-4270-A111-9428CCD9C918}.Ad-Hoc|Any CPU.ActiveCfg = Release|x86
		{50662C15-0687-4270-A111-9428CCD9C918}.Ad-Hoc|Any CPU.Build.0 = Release|x86
		{50662C15-0687-4270-A111-9428CCD9C918}.Ad-Hoc|Any CPU.Deploy.0 = Release|x86
		{50662C15-0687-4270-A111-9428CCD9C918}.Ad-Hoc|ARM.ActiveCfg = Release|ARM
		{50662C15-0687-4270-A111-9428CCD9C918}.Ad-Hoc|ARM.Build.0 = Release|ARM
		{50662C15-0687-4270-A111-9428CCD9C918}.Ad-Hoc|ARM.Deploy.0 = Release|ARM
		{50662C15-0687-4270-A111-9428CCD9C918}.Ad-Hoc|iPhone.ActiveCfg = Release|x86
		{50662C15-0687-4270-A111-9428CCD9C918}.Ad-Hoc|iPhone.Build.0 = Release|x86
		{50662C15-0687-4270-A111-9428CCD9C918}.Ad-Hoc|iPhone.Deploy.0 = Release|x86
		{50662C15-0687-4270-A111-9428CCD9C918}.Ad-Hoc|iPhoneSimulator.ActiveCfg = Release|x86
		{50662C15-0687-4270-A111-9428CCD9C918}.Ad-Hoc|iPhoneSimulator.Build.0 = Release|x86
		{50662C15-0687-4270-A111-9428CCD9C918}.Ad-Hoc|iPhoneSimulator.Deploy.0 = Release|x86
		{50662C15-0687-4270-A111-9428CCD9C918}.Ad-Hoc|x64.ActiveCfg = Release|x64
		{50662C15-0687-4270-A111-9428CCD9C918}.Ad-Hoc|x64.Build.0 = Release|x64
		{50662C15-0687-4270-A111-9428CCD9C918}.Ad-Hoc|x64.Deploy.0 = Release|x64
		{50662C15-0687-4270-A111-9428CCD9C918}.Ad-Hoc|x86.ActiveCfg = Release|x86
		{50662C15-0687-4270-A111-9428CCD9C918}.Ad-Hoc|x86.Build.0 = Release|x86
		{50662C15-0687-4270-A111-9428CCD9C918}.Ad-Hoc|x86.Deploy.0 = Release|x86
		{50662C15-0687-4270-A111-9428CCD9C918}.AppStore|Any CPU.ActiveCfg = Release|x86
		{50662C15-0687-4270-A111-9428CCD9C918}.AppStore|Any CPU.Build.0 = Release|x86
		{50662C15-0687-4270-A111-9428CCD9C918}.AppStore|Any CPU.Deploy.0 = Release|x86
		{50662C15-0687-4270-A111-9428CCD9C918}.AppStore|ARM.ActiveCfg = Release|ARM
		{50662C15-0687-4270-A111-9428CCD9C918}.AppStore|ARM.Build.0 = Release|ARM
		{50662C15-0687-4270-A111-9428CCD9C918}.AppStore|ARM.Deploy.0 = Release|ARM
		{50662C15-0687-4270-A111-9428CCD9C918}.AppStore|iPhone.ActiveCfg = Release|x86
		{50662C15-0687-4270-A111-9428CCD9C918}.AppStore|iPhone.Build.0 = Release|x86
		{50662C15-0687-4270-A111-9428CCD9C918}.AppStore|iPhone.Deploy.0 = Release|x86
		{50662C15-0687-4270-A111-9428CCD9C918}.AppStore|iPhoneSimulator.ActiveCfg = Release|x86
		{50662C15-0687-4270-A111-9428CCD9C918}.AppStore|iPhoneSimulator.Build.0 = Release|x86
		{50662C15-0687-4270-A111-9428CCD9C918}.AppStore|iPhoneSimulator.Deploy.0 = Release|x86
		{50662C15-0687-4270-A111-9428CCD9C918}.AppStore|x64.ActiveCfg = Release|x64
		{50662C15-0687-4270-A111-9428CCD9C918}.AppStore|x64.Build.0 = Release|x64
		{50662C15-0687-4270-A111-9428CCD9C918}.AppStore|x64.Deploy.0 = Release|x64
		{50662C15-0687-4270-A111-9428CCD9C918}.AppStore|x86.ActiveCfg = Release|x86
		{50662C15-0687-4270-A111-9428CCD9C918}.AppStore|x86.Build.0 = Release|x86
		{50662C15-0687-4270-A111-9428CCD9C918}.AppStore|x86.Deploy.0 = Release|x86
		{50662C15-0687-4270-A111-9428CCD9C918}.Debug|Any CPU.ActiveCfg = Debug|x86
		{50662C15-0687-4270-A111-9428CCD9C918}.Debug|ARM.ActiveCfg = Debug|ARM
		{50662C15-0687-4270-A111-9428CCD9C918}.Debug|ARM.Build.0 = Debug|ARM
		{50662C15-0687-4270-A111-9428CCD9C918}.Debug|ARM.Deploy.0 = Debug|ARM
		{50662C15-0687-4270-A111-9428CCD9C918}.Debug|iPhone.ActiveCfg = Debug|x86
		{50662C15-0687-4270-A111-9428CCD9C918}.Debug|iPhoneSimulator.ActiveCfg = Debug|x86
		{50662C15-0687-4270-A111-9428CCD9C918}.Debug|x64.ActiveCfg = Debug|x64
		{50662C15-0687-4270-A111-9428CCD9C918}.Debug|x64.Build.0 = Debug|x64
		{50662C15-0687-4270-A111-9428CCD9C918}.Debug|x64.Deploy.0 = Debug|x64
		{50662C15-0687-4270-A111-9428CCD9C918}.Debug|x86.ActiveCfg = Debug|x86
		{50662C15-0687-4270-A111-9428CCD9C918}.Debug|x86.Build.0 = Debug|x86
		{50662C15-0687-4270-A111-9428CCD9C918}.Debug|x86.Deploy.0 = Debug|x86
		{50662C15-0687-4270-A111-9428CCD9C918}.Release|Any CPU.ActiveCfg = Release|x86
		{50662C15-0687-4270-A111-9428CCD9C918}.Release|ARM.ActiveCfg = Release|ARM
		{50662C15-0687-4270-A111-9428CCD9C918}.Release|ARM.Build.0 = Release|ARM
		{50662C15-0687-4270-A111-9428CCD9C918}.Release|ARM.Deploy.0 = Release|ARM
		{50662C15-0687-4270-A111-9428CCD9C918}.Release|iPhone.ActiveCfg = Release|x86
		{50662C15-0687-4270-A111-9428CCD9C918}.Release|iPhoneSimulator.ActiveCfg = Release|x86
		{50662C15-0687-4270-A111-9428CCD9C918}.Release|x64.ActiveCfg = Release|x64
		{50662C15-0687-4270-A111-9428CCD9C918}.Release|x64.Build.0 = Release|x64
		{50662C15-0687-4270-A111-9428CCD9C918}.Release|x64.Deploy.0 = Release|x64
		{50662C15-0687-4270-A111-9428CCD9C918}.Release|x86.ActiveCfg = Release|x86
		{50662C15-0687-4270-A111-9428CCD9C918}.Release|x86.Build.0 = Release|x86
		{50662C15-0687-4270-A111-9428CCD9C918}.Release|x86.Deploy.0 = Release|x86
		{D48ABDE2-C0AC-43C7-A9A1-653D1E5FC4D8}.Ad-Hoc|Any CPU.ActiveCfg = Release|Any CPU
		{D48ABDE2-C0AC-43C7-A9A1-653D1E5FC4D8}.Ad-Hoc|Any CPU.Build.0 = Release|Any CPU
		{D48ABDE2-C0AC-43C7-A9A1-653D1E5FC4D8}.Ad-Hoc|ARM.ActiveCfg = Release|Any CPU
		{D48ABDE2-C0AC-43C7-A9A1-653D1E5FC4D8}.Ad-Hoc|ARM.Build.0 = Release|Any CPU
		{D48ABDE2-C0AC-43C7-A9A1-653D1E5FC4D8}.Ad-Hoc|iPhone.ActiveCfg = Release|Any CPU
		{D48ABDE2-C0AC-43C7-A9A1-653D1E5FC4D8}.Ad-Hoc|iPhone.Build.0 = Release|Any CPU
		{D48ABDE2-C0AC-43C7-A9A1-653D1E5FC4D8}.Ad-Hoc|iPhoneSimulator.ActiveCfg = Release|Any CPU
		{D48ABDE2-C0AC-43C7-A9A1-653D1E5FC4D8}.Ad-Hoc|iPhoneSimulator.Build.0 = Release|Any CPU
		{D48ABDE2-C0AC-43C7-A9A1-653D1E5FC4D8}.Ad-Hoc|x64.ActiveCfg = Release|Any CPU
		{D48ABDE2-C0AC-43C7-A9A1-653D1E5FC4D8}.Ad-Hoc|x64.Build.0 = Release|Any CPU
		{D48ABDE2-C0AC-43C7-A9A1-653D1E5FC4D8}.Ad-Hoc|x86.ActiveCfg = Release|Any CPU
		{D48ABDE2-C0AC-43C7-A9A1-653D1E5FC4D8}.Ad-Hoc|x86.Build.0 = Release|Any CPU
		{D48ABDE2-C0AC-43C7-A9A1-653D1E5FC4D8}.AppStore|Any CPU.ActiveCfg = Release|Any CPU
		{D48ABDE2-C0AC-43C7-A9A1-653D1E5FC4D8}.AppStore|Any CPU.Build.0 = Release|Any CPU
		{D48ABDE2-C0AC-43C7-A9A1-653D1E5FC4D8}.AppStore|ARM.ActiveCfg = Release|Any CPU
		{D48ABDE2-C0AC-43C7-A9A1-653D1E5FC4D8}.AppStore|ARM.Build.0 = Release|Any CPU
		{D48ABDE2-C0AC-43C7-A9A1-653D1E5FC4D8}.AppStore|iPhone.ActiveCfg = Release|Any CPU
		{D48ABDE2-C0AC-43C7-A9A1-653D1E5FC4D8}.AppStore|iPhone.Build.0 = Release|Any CPU
		{D48ABDE2-C0AC-43C7-A9A1-653D1E5FC4D8}.AppStore|iPhoneSimulator.ActiveCfg = Release|Any CPU
		{D48ABDE2-C0AC-43C7-A9A1-653D1E5FC4D8}.AppStore|iPhoneSimulator.Build.0 = Release|Any CPU
		{D48ABDE2-C0AC-43C7-A9A1-653D1E5FC4D8}.AppStore|x64.ActiveCfg = Release|Any CPU
		{D48ABDE2-C0AC-43C7-A9A1-653D1E5FC4D8}.AppStore|x64.Build.0 = Release|Any CPU
		{D48ABDE2-C0AC-43C7-A9A1-653D1E5FC4D8}.AppStore|x86.ActiveCfg = Release|Any CPU
		{D48ABDE2-C0AC-43C7-A9A1-653D1E5FC4D8}.AppStore|x86.Build.0 = Release|Any CPU
		{D48ABDE2-C0AC-43C7-A9A1-653D1E5FC4D8}.Debug|Any CPU.ActiveCfg = Debug|Any CPU
		{D48ABDE2-C0AC-43C7-A9A1-653D1E5FC4D8}.Debug|Any CPU.Build.0 = Debug|Any CPU
		{D48ABDE2-C0AC-43C7-A9A1-653D1E5FC4D8}.Debug|ARM.ActiveCfg = Debug|Any CPU
		{D48ABDE2-C0AC-43C7-A9A1-653D1E5FC4D8}.Debug|ARM.Build.0 = Debug|Any CPU
		{D48ABDE2-C0AC-43C7-A9A1-653D1E5FC4D8}.Debug|iPhone.ActiveCfg = Debug|Any CPU
		{D48ABDE2-C0AC-43C7-A9A1-653D1E5FC4D8}.Debug|iPhone.Build.0 = Debug|Any CPU
		{D48ABDE2-C0AC-43C7-A9A1-653D1E5FC4D8}.Debug|iPhoneSimulator.ActiveCfg = Debug|Any CPU
		{D48ABDE2-C0AC-43C7-A9A1-653D1E5FC4D8}.Debug|iPhoneSimulator.Build.0 = Debug|Any CPU
		{D48ABDE2-C0AC-43C7-A9A1-653D1E5FC4D8}.Debug|x64.ActiveCfg = Debug|Any CPU
		{D48ABDE2-C0AC-43C7-A9A1-653D1E5FC4D8}.Debug|x64.Build.0 = Debug|Any CPU
		{D48ABDE2-C0AC-43C7-A9A1-653D1E5FC4D8}.Debug|x86.ActiveCfg = Debug|Any CPU
		{D48ABDE2-C0AC-43C7-A9A1-653D1E5FC4D8}.Debug|x86.Build.0 = Debug|Any CPU
		{D48ABDE2-C0AC-43C7-A9A1-653D1E5FC4D8}.Release|Any CPU.ActiveCfg = Release|Any CPU
		{D48ABDE2-C0AC-43C7-A9A1-653D1E5FC4D8}.Release|Any CPU.Build.0 = Release|Any CPU
		{D48ABDE2-C0AC-43C7-A9A1-653D1E5FC4D8}.Release|ARM.ActiveCfg = Release|Any CPU
		{D48ABDE2-C0AC-43C7-A9A1-653D1E5FC4D8}.Release|ARM.Build.0 = Release|Any CPU
		{D48ABDE2-C0AC-43C7-A9A1-653D1E5FC4D8}.Release|iPhone.ActiveCfg = Release|Any CPU
		{D48ABDE2-C0AC-43C7-A9A1-653D1E5FC4D8}.Release|iPhone.Build.0 = Release|Any CPU
		{D48ABDE2-C0AC-43C7-A9A1-653D1E5FC4D8}.Release|iPhoneSimulator.ActiveCfg = Release|Any CPU
		{D48ABDE2-C0AC-43C7-A9A1-653D1E5FC4D8}.Release|iPhoneSimulator.Build.0 = Release|Any CPU
		{D48ABDE2-C0AC-43C7-A9A1-653D1E5FC4D8}.Release|x64.ActiveCfg = Release|Any CPU
		{D48ABDE2-C0AC-43C7-A9A1-653D1E5FC4D8}.Release|x64.Build.0 = Release|Any CPU
		{D48ABDE2-C0AC-43C7-A9A1-653D1E5FC4D8}.Release|x86.ActiveCfg = Release|Any CPU
		{D48ABDE2-C0AC-43C7-A9A1-653D1E5FC4D8}.Release|x86.Build.0 = Release|Any CPU
		{8D47B5D5-5FD4-47BC-8A21-1A7477DF5AA6}.Ad-Hoc|Any CPU.ActiveCfg = Release|Any CPU
		{8D47B5D5-5FD4-47BC-8A21-1A7477DF5AA6}.Ad-Hoc|Any CPU.Build.0 = Release|Any CPU
		{8D47B5D5-5FD4-47BC-8A21-1A7477DF5AA6}.Ad-Hoc|ARM.ActiveCfg = Release|Any CPU
		{8D47B5D5-5FD4-47BC-8A21-1A7477DF5AA6}.Ad-Hoc|ARM.Build.0 = Release|Any CPU
		{8D47B5D5-5FD4-47BC-8A21-1A7477DF5AA6}.Ad-Hoc|iPhone.ActiveCfg = Release|Any CPU
		{8D47B5D5-5FD4-47BC-8A21-1A7477DF5AA6}.Ad-Hoc|iPhone.Build.0 = Release|Any CPU
		{8D47B5D5-5FD4-47BC-8A21-1A7477DF5AA6}.Ad-Hoc|iPhoneSimulator.ActiveCfg = Release|Any CPU
		{8D47B5D5-5FD4-47BC-8A21-1A7477DF5AA6}.Ad-Hoc|iPhoneSimulator.Build.0 = Release|Any CPU
		{8D47B5D5-5FD4-47BC-8A21-1A7477DF5AA6}.Ad-Hoc|x64.ActiveCfg = Release|Any CPU
		{8D47B5D5-5FD4-47BC-8A21-1A7477DF5AA6}.Ad-Hoc|x64.Build.0 = Release|Any CPU
		{8D47B5D5-5FD4-47BC-8A21-1A7477DF5AA6}.Ad-Hoc|x86.ActiveCfg = Release|Any CPU
		{8D47B5D5-5FD4-47BC-8A21-1A7477DF5AA6}.Ad-Hoc|x86.Build.0 = Release|Any CPU
		{8D47B5D5-5FD4-47BC-8A21-1A7477DF5AA6}.AppStore|Any CPU.ActiveCfg = Release|Any CPU
		{8D47B5D5-5FD4-47BC-8A21-1A7477DF5AA6}.AppStore|Any CPU.Build.0 = Release|Any CPU
		{8D47B5D5-5FD4-47BC-8A21-1A7477DF5AA6}.AppStore|ARM.ActiveCfg = Release|Any CPU
		{8D47B5D5-5FD4-47BC-8A21-1A7477DF5AA6}.AppStore|ARM.Build.0 = Release|Any CPU
		{8D47B5D5-5FD4-47BC-8A21-1A7477DF5AA6}.AppStore|iPhone.ActiveCfg = Release|Any CPU
		{8D47B5D5-5FD4-47BC-8A21-1A7477DF5AA6}.AppStore|iPhone.Build.0 = Release|Any CPU
		{8D47B5D5-5FD4-47BC-8A21-1A7477DF5AA6}.AppStore|iPhoneSimulator.ActiveCfg = Release|Any CPU
		{8D47B5D5-5FD4-47BC-8A21-1A7477DF5AA6}.AppStore|iPhoneSimulator.Build.0 = Release|Any CPU
		{8D47B5D5-5FD4-47BC-8A21-1A7477DF5AA6}.AppStore|x64.ActiveCfg = Release|Any CPU
		{8D47B5D5-5FD4-47BC-8A21-1A7477DF5AA6}.AppStore|x64.Build.0 = Release|Any CPU
		{8D47B5D5-5FD4-47BC-8A21-1A7477DF5AA6}.AppStore|x86.ActiveCfg = Release|Any CPU
		{8D47B5D5-5FD4-47BC-8A21-1A7477DF5AA6}.AppStore|x86.Build.0 = Release|Any CPU
		{8D47B5D5-5FD4-47BC-8A21-1A7477DF5AA6}.Debug|Any CPU.ActiveCfg = Debug|Any CPU
		{8D47B5D5-5FD4-47BC-8A21-1A7477DF5AA6}.Debug|Any CPU.Build.0 = Debug|Any CPU
		{8D47B5D5-5FD4-47BC-8A21-1A7477DF5AA6}.Debug|ARM.ActiveCfg = Debug|Any CPU
		{8D47B5D5-5FD4-47BC-8A21-1A7477DF5AA6}.Debug|ARM.Build.0 = Debug|Any CPU
		{8D47B5D5-5FD4-47BC-8A21-1A7477DF5AA6}.Debug|iPhone.ActiveCfg = Debug|Any CPU
		{8D47B5D5-5FD4-47BC-8A21-1A7477DF5AA6}.Debug|iPhone.Build.0 = Debug|Any CPU
		{8D47B5D5-5FD4-47BC-8A21-1A7477DF5AA6}.Debug|iPhoneSimulator.ActiveCfg = Debug|Any CPU
		{8D47B5D5-5FD4-47BC-8A21-1A7477DF5AA6}.Debug|iPhoneSimulator.Build.0 = Debug|Any CPU
		{8D47B5D5-5FD4-47BC-8A21-1A7477DF5AA6}.Debug|x64.ActiveCfg = Debug|Any CPU
		{8D47B5D5-5FD4-47BC-8A21-1A7477DF5AA6}.Debug|x64.Build.0 = Debug|Any CPU
		{8D47B5D5-5FD4-47BC-8A21-1A7477DF5AA6}.Debug|x86.ActiveCfg = Debug|Any CPU
		{8D47B5D5-5FD4-47BC-8A21-1A7477DF5AA6}.Debug|x86.Build.0 = Debug|Any CPU
		{8D47B5D5-5FD4-47BC-8A21-1A7477DF5AA6}.Release|Any CPU.ActiveCfg = Release|Any CPU
		{8D47B5D5-5FD4-47BC-8A21-1A7477DF5AA6}.Release|Any CPU.Build.0 = Release|Any CPU
		{8D47B5D5-5FD4-47BC-8A21-1A7477DF5AA6}.Release|ARM.ActiveCfg = Release|Any CPU
		{8D47B5D5-5FD4-47BC-8A21-1A7477DF5AA6}.Release|ARM.Build.0 = Release|Any CPU
		{8D47B5D5-5FD4-47BC-8A21-1A7477DF5AA6}.Release|iPhone.ActiveCfg = Release|Any CPU
		{8D47B5D5-5FD4-47BC-8A21-1A7477DF5AA6}.Release|iPhone.Build.0 = Release|Any CPU
		{8D47B5D5-5FD4-47BC-8A21-1A7477DF5AA6}.Release|iPhoneSimulator.ActiveCfg = Release|Any CPU
		{8D47B5D5-5FD4-47BC-8A21-1A7477DF5AA6}.Release|iPhoneSimulator.Build.0 = Release|Any CPU
		{8D47B5D5-5FD4-47BC-8A21-1A7477DF5AA6}.Release|x64.ActiveCfg = Release|Any CPU
		{8D47B5D5-5FD4-47BC-8A21-1A7477DF5AA6}.Release|x64.Build.0 = Release|Any CPU
		{8D47B5D5-5FD4-47BC-8A21-1A7477DF5AA6}.Release|x86.ActiveCfg = Release|Any CPU
		{8D47B5D5-5FD4-47BC-8A21-1A7477DF5AA6}.Release|x86.Build.0 = Release|Any CPU
	EndGlobalSection
	GlobalSection(SolutionProperties) = preSolution
		HideSolutionNode = FALSE
	EndGlobalSection
EndGlobal
